
Microsoft Visual Studio Solution File, Format Version 12.00
Project("{FAE04EC0-301F-11D3-BF4B-00C04F79EFBC}") = "WizardWorldApp", "WizardWorldApp\WizardWorldApp.csproj", "{756AADDE-7D1A-4E0B-81F3-D302AF96B61A}"
EndProject
Global
	GlobalSection(SolutionConfigurationPlatforms) = preSolution
		Debug|Any CPU = Debug|Any CPU
		Release|Any CPU = Release|Any CPU
	EndGlobalSection
	GlobalSection(ProjectConfigurationPlatforms) = postSolution
		{756AADDE-7D1A-4E0B-81F3-D302AF96B61A}.Debug|Any CPU.ActiveCfg = Debug|Any CPU
		{756AADDE-7D1A-4E0B-81F3-D302AF96B61A}.Debug|Any CPU.Build.0 = Debug|Any CPU
		{756AADDE-7D1A-4E0B-81F3-D302AF96B61A}.Release|Any CPU.ActiveCfg = Release|Any CPU
		{756AADDE-7D1A-4E0B-81F3-D302AF96B61A}.Release|Any CPU.Build.0 = Release|Any CPU
	EndGlobalSection
EndGlobal
